
Microsoft Visual Studio Solution File, Format Version 12.00
# Visual Studio 15
VisualStudioVersion = 15.0.27428.2037
MinimumVisualStudioVersion = 10.0.40219.1
Project("{FAE04EC0-301F-11D3-BF4B-00C04F79EFBC}") = "XMLTest", "XMLTest\XMLTest.csproj", "{2E61B49D-88F1-451F-B490-98184E7CDC63}"
EndProject
Global
	GlobalSection(SolutionConfigurationPlatforms) = preSolution
		Debug|Any CPU = Debug|Any CPU
		Release|Any CPU = Release|Any CPU
	EndGlobalSection
	GlobalSection(ProjectConfigurationPlatforms) = postSolution
		{2E61B49D-88F1-451F-B490-98184E7CDC63}.Debug|Any CPU.ActiveCfg = Debug|Any CPU
		{2E61B49D-88F1-451F-B490-98184E7CDC63}.Debug|Any CPU.Build.0 = Debug|Any CPU
		{2E61B49D-88F1-451F-B490-98184E7CDC63}.Release|Any CPU.ActiveCfg = Release|Any CPU
		{2E61B49D-88F1-451F-B490-98184E7CDC63}.Release|Any CPU.Build.0 = Release|Any CPU
	EndGlobalSection
	GlobalSection(SolutionProperties) = preSolution
		HideSolutionNode = FALSE
	EndGlobalSection
	GlobalSection(ExtensibilityGlobals) = postSolution
		SolutionGuid = {D3ABBEAD-DD47-46F4-AE28-454E87083DC5}
	EndGlobalSection
EndGlobal
